// !$*UTF8*$!
{
	archiveVersion = 1;
	classes = {
	};
	objectVersion = 50;
	objects = {

/* Begin PBXBuildFile section */
		7BA7990C26DA94D7002E489E /* CCS_ConnectApp.swift in Sources */ = {isa = PBXBuildFile; fileRef = 7BA7990B26DA94D7002E489E /* CCS_ConnectApp.swift */; };
		7BA7990E26DA94D7002E489E /* ContentView.swift in Sources */ = {isa = PBXBuildFile; fileRef = 7BA7990D26DA94D7002E489E /* ContentView.swift */; };
		7BA7991026DA94D8002E489E /* Assets.xcassets in Resources */ = {isa = PBXBuildFile; fileRef = 7BA7990F26DA94D8002E489E /* Assets.xcassets */; };
		7BA7991326DA94D8002E489E /* Preview Assets.xcassets in Resources */ = {isa = PBXBuildFile; fileRef = 7BA7991226DA94D8002E489E /* Preview Assets.xcassets */; };
		7BA7991E26DA94D8002E489E /* CCS_ConnectTests.swift in Sources */ = {isa = PBXBuildFile; fileRef = 7BA7991D26DA94D8002E489E /* CCS_ConnectTests.swift */; };
		7BA7992926DA94D8002E489E /* CCS_ConnectUITests.swift in Sources */ = {isa = PBXBuildFile; fileRef = 7BA7992826DA94D8002E489E /* CCS_ConnectUITests.swift */; };
/* End PBXBuildFile section */

/* Begin PBXContainerItemProxy section */
		7BA7991A26DA94D8002E489E /* PBXContainerItemProxy */ = {
			isa = PBXContainerItemProxy;
			containerPortal = 7BA7990026DA94D7002E489E /* Project object */;
			proxyType = 1;
			remoteGlobalIDString = 7BA7990726DA94D7002E489E;
			remoteInfo = "CCS Connect";
		};
		7BA7992526DA94D8002E489E /* PBXContainerItemProxy */ = {
			isa = PBXContainerItemProxy;
			containerPortal = 7BA7990026DA94D7002E489E /* Project object */;
			proxyType = 1;
			remoteGlobalIDString = 7BA7990726DA94D7002E489E;
			remoteInfo = "CCS Connect";
		};
/* End PBXContainerItemProxy section */

/* Begin PBXFileReference section */
		7BA7990826DA94D7002E489E /* CCS Connect.app */ = {isa = PBXFileReference; explicitFileType = wrapper.application; includeInIndex = 0; path = "CCS Connect.app"; sourceTree = BUILT_PRODUCTS_DIR; };
		7BA7990B26DA94D7002E489E /* CCS_ConnectApp.swift */ = {isa = PBXFileReference; lastKnownFileType = sourcecode.swift; path = CCS_ConnectApp.swift; sourceTree = "<group>"; };
		7BA7990D26DA94D7002E489E /* ContentView.swift */ = {isa = PBXFileReference; lastKnownFileType = sourcecode.swift; path = ContentView.swift; sourceTree = "<group>"; };
		7BA7990F26DA94D8002E489E /* Assets.xcassets */ = {isa = PBXFileReference; lastKnownFileType = folder.assetcatalog; path = Assets.xcassets; sourceTree = "<group>"; };
		7BA7991226DA94D8002E489E /* Preview Assets.xcassets */ = {isa = PBXFileReference; lastKnownFileType = folder.assetcatalog; path = "Preview Assets.xcassets"; sourceTree = "<group>"; };
		7BA7991426DA94D8002E489E /* Info.plist */ = {isa = PBXFileReference; lastKnownFileType = text.plist.xml; path = Info.plist; sourceTree = "<group>"; };
		7BA7991926DA94D8002E489E /* CCS ConnectTests.xctest */ = {isa = PBXFileReference; explicitFileType = wrapper.cfbundle; includeInIndex = 0; path = "CCS ConnectTests.xctest"; sourceTree = BUILT_PRODUCTS_DIR; };
		7BA7991D26DA94D8002E489E /* CCS_ConnectTests.swift */ = {isa = PBXFileReference; lastKnownFileType = sourcecode.swift; path = CCS_ConnectTests.swift; sourceTree = "<group>"; };
		7BA7991F26DA94D8002E489E /* Info.plist */ = {isa = PBXFileReference; lastKnownFileType = text.plist.xml; path = Info.plist; sourceTree = "<group>"; };
		7BA7992426DA94D8002E489E /* CCS ConnectUITests.xctest */ = {isa = PBXFileReference; explicitFileType = wrapper.cfbundle; includeInIndex = 0; path = "CCS ConnectUITests.xctest"; sourceTree = BUILT_PRODUCTS_DIR; };
		7BA7992826DA94D8002E489E /* CCS_ConnectUITests.swift */ = {isa = PBXFileReference; lastKnownFileType = sourcecode.swift; path = CCS_ConnectUITests.swift; sourceTree = "<group>"; };
		7BA7992A26DA94D8002E489E /* Info.plist */ = {isa = PBXFileReference; lastKnownFileType = text.plist.xml; path = Info.plist; sourceTree = "<group>"; };
/* End PBXFileReference section */

/* Begin PBXFrameworksBuildPhase section */
		7BA7990526DA94D7002E489E /* Frameworks */ = {
			isa = PBXFrameworksBuildPhase;
			buildActionMask = 2147483647;
			files = (
			);
			runOnlyForDeploymentPostprocessing = 0;
		};
		7BA7991626DA94D8002E489E /* Frameworks */ = {
			isa = PBXFrameworksBuildPhase;
			buildActionMask = 2147483647;
			files = (
			);
			runOnlyForDeploymentPostprocessing = 0;
		};
		7BA7992126DA94D8002E489E /* Frameworks */ = {
			isa = PBXFrameworksBuildPhase;
			buildActionMask = 2147483647;
			files = (
			);
			runOnlyForDeploymentPostprocessing = 0;
		};
/* End PBXFrameworksBuildPhase section */

/* Begin PBXGroup section */
		7BA798FF26DA94D7002E489E = {
			isa = PBXGroup;
			children = (
				7BA7990A26DA94D7002E489E /* CCS Connect */,
				7BA7991C26DA94D8002E489E /* CCS ConnectTests */,
				7BA7992726DA94D8002E489E /* CCS ConnectUITests */,
				7BA7990926DA94D7002E489E /* Products */,
			);
			sourceTree = "<group>";
		};
		7BA7990926DA94D7002E489E /* Products */ = {
			isa = PBXGroup;
			children = (
				7BA7990826DA94D7002E489E /* CCS Connect.app */,
				7BA7991926DA94D8002E489E /* CCS ConnectTests.xctest */,
				7BA7992426DA94D8002E489E /* CCS ConnectUITests.xctest */,
			);
			name = Products;
			sourceTree = "<group>";
		};
		7BA7990A26DA94D7002E489E /* CCS Connect */ = {
			isa = PBXGroup;
			children = (
				7BA7990B26DA94D7002E489E /* CCS_ConnectApp.swift */,
				7BA7990D26DA94D7002E489E /* ContentView.swift */,
				7BA7990F26DA94D8002E489E /* Assets.xcassets */,
				7BA7991426DA94D8002E489E /* Info.plist */,
				7BA7991126DA94D8002E489E /* Preview Content */,
			);
			path = "CCS Connect";
			sourceTree = "<group>";
		};
		7BA7991126DA94D8002E489E /* Preview Content */ = {
			isa = PBXGroup;
			children = (
				7BA7991226DA94D8002E489E /* Preview Assets.xcassets */,
			);
			path = "Preview Content";
			sourceTree = "<group>";
		};
		7BA7991C26DA94D8002E489E /* CCS ConnectTests */ = {
			isa = PBXGroup;
			children = (
				7BA7991D26DA94D8002E489E /* CCS_ConnectTests.swift */,
				7BA7991F26DA94D8002E489E /* Info.plist */,
			);
			path = "CCS ConnectTests";
			sourceTree = "<group>";
		};
		7BA7992726DA94D8002E489E /* CCS ConnectUITests */ = {
			isa = PBXGroup;
			children = (
				7BA7992826DA94D8002E489E /* CCS_ConnectUITests.swift */,
				7BA7992A26DA94D8002E489E /* Info.plist */,
			);
			path = "CCS ConnectUITests";
			sourceTree = "<group>";
		};
/* End PBXGroup section */

/* Begin PBXNativeTarget section */
		7BA7990726DA94D7002E489E /* CCS Connect */ = {
			isa = PBXNativeTarget;
			buildConfigurationList = 7BA7992D26DA94D8002E489E /* Build configuration list for PBXNativeTarget "CCS Connect" */;
			buildPhases = (
				7BA7990426DA94D7002E489E /* Sources */,
				7BA7990526DA94D7002E489E /* Frameworks */,
				7BA7990626DA94D7002E489E /* Resources */,
			);
			buildRules = (
			);
			dependencies = (
			);
			name = "CCS Connect";
			productName = "CCS Connect";
			productReference = 7BA7990826DA94D7002E489E /* CCS Connect.app */;
			productType = "com.apple.product-type.application";
		};
		7BA7991826DA94D8002E489E /* CCS ConnectTests */ = {
			isa = PBXNativeTarget;
			buildConfigurationList = 7BA7993026DA94D8002E489E /* Build configuration list for PBXNativeTarget "CCS ConnectTests" */;
			buildPhases = (
				7BA7991526DA94D8002E489E /* Sources */,
				7BA7991626DA94D8002E489E /* Frameworks */,
				7BA7991726DA94D8002E489E /* Resources */,
			);
			buildRules = (
			);
			dependencies = (
				7BA7991B26DA94D8002E489E /* PBXTargetDependency */,
			);
			name = "CCS ConnectTests";
			productName = "CCS ConnectTests";
			productReference = 7BA7991926DA94D8002E489E /* CCS ConnectTests.xctest */;
			productType = "com.apple.product-type.bundle.unit-test";
		};
		7BA7992326DA94D8002E489E /* CCS ConnectUITests */ = {
			isa = PBXNativeTarget;
			buildConfigurationList = 7BA7993326DA94D8002E489E /* Build configuration list for PBXNativeTarget "CCS ConnectUITests" */;
			buildPhases = (
				7BA7992026DA94D8002E489E /* Sources */,
				7BA7992126DA94D8002E489E /* Frameworks */,
				7BA7992226DA94D8002E489E /* Resources */,
			);
			buildRules = (
			);
			dependencies = (
				7BA7992626DA94D8002E489E /* PBXTargetDependency */,
			);
			name = "CCS ConnectUITests";
			productName = "CCS ConnectUITests";
			productReference = 7BA7992426DA94D8002E489E /* CCS ConnectUITests.xctest */;
			productType = "com.apple.product-type.bundle.ui-testing";
		};
/* End PBXNativeTarget section */

/* Begin PBXProject section */
		7BA7990026DA94D7002E489E /* Project object */ = {
			isa = PBXProject;
			attributes = {
				LastSwiftUpdateCheck = 1250;
				LastUpgradeCheck = 1250;
				TargetAttributes = {
					7BA7990726DA94D7002E489E = {
						CreatedOnToolsVersion = 12.5.1;
					};
					7BA7991826DA94D8002E489E = {
						CreatedOnToolsVersion = 12.5.1;
						TestTargetID = 7BA7990726DA94D7002E489E;
					};
					7BA7992326DA94D8002E489E = {
						CreatedOnToolsVersion = 12.5.1;
						TestTargetID = 7BA7990726DA94D7002E489E;
					};
				};
			};
			buildConfigurationList = 7BA7990326DA94D7002E489E /* Build configuration list for PBXProject "CCS Connect" */;
			compatibilityVersion = "Xcode 9.3";
			developmentRegion = en;
			hasScannedForEncodings = 0;
			knownRegions = (
				en,
				Base,
			);
			mainGroup = 7BA798FF26DA94D7002E489E;
			productRefGroup = 7BA7990926DA94D7002E489E /* Products */;
			projectDirPath = "";
			projectRoot = "";
			targets = (
				7BA7990726DA94D7002E489E /* CCS Connect */,
				7BA7991826DA94D8002E489E /* CCS ConnectTests */,
				7BA7992326DA94D8002E489E /* CCS ConnectUITests */,
			);
		};
/* End PBXProject section */

/* Begin PBXResourcesBuildPhase section */
		7BA7990626DA94D7002E489E /* Resources */ = {
			isa = PBXResourcesBuildPhase;
			buildActionMask = 2147483647;
			files = (
				7BA7991326DA94D8002E489E /* Preview Assets.xcassets in Resources */,
				7BA7991026DA94D8002E489E /* Assets.xcassets in Resources */,
			);
			runOnlyForDeploymentPostprocessing = 0;
		};
		7BA7991726DA94D8002E489E /* Resources */ = {
			isa = PBXResourcesBuildPhase;
			buildActionMask = 2147483647;
			files = (
			);
			runOnlyForDeploymentPostprocessing = 0;
		};
		7BA7992226DA94D8002E489E /* Resources */ = {
			isa = PBXResourcesBuildPhase;
			buildActionMask = 2147483647;
			files = (
			);
			runOnlyForDeploymentPostprocessing = 0;
		};
/* End PBXResourcesBuildPhase section */

/* Begin PBXSourcesBuildPhase section */
		7BA7990426DA94D7002E489E /* Sources */ = {
			isa = PBXSourcesBuildPhase;
			buildActionMask = 2147483647;
			files = (
				7BA7990E26DA94D7002E489E /* ContentView.swift in Sources */,
				7BA7990C26DA94D7002E489E /* CCS_ConnectApp.swift in Sources */,
			);
			runOnlyForDeploymentPostprocessing = 0;
		};
		7BA7991526DA94D8002E489E /* Sources */ = {
			isa = PBXSourcesBuildPhase;
			buildActionMask = 2147483647;
			files = (
				7BA7991E26DA94D8002E489E /* CCS_ConnectTests.swift in Sources */,
			);
			runOnlyForDeploymentPostprocessing = 0;
		};
		7BA7992026DA94D8002E489E /* Sources */ = {
			isa = PBXSourcesBuildPhase;
			buildActionMask = 2147483647;
			files = (
				7BA7992926DA94D8002E489E /* CCS_ConnectUITests.swift in Sources */,
			);
			runOnlyForDeploymentPostprocessing = 0;
		};
/* End PBXSourcesBuildPhase section */

/* Begin PBXTargetDependency section */
		7BA7991B26DA94D8002E489E /* PBXTargetDependency */ = {
			isa = PBXTargetDependency;
			target = 7BA7990726DA94D7002E489E /* CCS Connect */;
			targetProxy = 7BA7991A26DA94D8002E489E /* PBXContainerItemProxy */;
		};
		7BA7992626DA94D8002E489E /* PBXTargetDependency */ = {
			isa = PBXTargetDependency;
			target = 7BA7990726DA94D7002E489E /* CCS Connect */;
			targetProxy = 7BA7992526DA94D8002E489E /* PBXContainerItemProxy */;
		};
/* End PBXTargetDependency section */

/* Begin XCBuildConfiguration section */
		7BA7992B26DA94D8002E489E /* Debug */ = {
			isa = XCBuildConfiguration;
			buildSettings = {
				ALWAYS_SEARCH_USER_PATHS = NO;
				CLANG_ANALYZER_NONNULL = YES;
				CLANG_ANALYZER_NUMBER_OBJECT_CONVERSION = YES_AGGRESSIVE;
				CLANG_CXX_LANGUAGE_STANDARD = "gnu++14";
				CLANG_CXX_LIBRARY = "libc++";
				CLANG_ENABLE_MODULES = YES;
				CLANG_ENABLE_OBJC_ARC = YES;
				CLANG_ENABLE_OBJC_WEAK = YES;
				CLANG_WARN_BLOCK_CAPTURE_AUTORELEASING = YES;
				CLANG_WARN_BOOL_CONVERSION = YES;
				CLANG_WARN_COMMA = YES;
				CLANG_WARN_CONSTANT_CONVERSION = YES;
				CLANG_WARN_DEPRECATED_OBJC_IMPLEMENTATIONS = YES;
				CLANG_WARN_DIRECT_OBJC_ISA_USAGE = YES_ERROR;
				CLANG_WARN_DOCUMENTATION_COMMENTS = YES;
				CLANG_WARN_EMPTY_BODY = YES;
				CLANG_WARN_ENUM_CONVERSION = YES;
				CLANG_WARN_INFINITE_RECURSION = YES;
				CLANG_WARN_INT_CONVERSION = YES;
				CLANG_WARN_NON_LITERAL_NULL_CONVERSION = YES;
				CLANG_WARN_OBJC_IMPLICIT_RETAIN_SELF = YES;
				CLANG_WARN_OBJC_LITERAL_CONVERSION = YES;
				CLANG_WARN_OBJC_ROOT_CLASS = YES_ERROR;
				CLANG_WARN_QUOTED_INCLUDE_IN_FRAMEWORK_HEADER = YES;
				CLANG_WARN_RANGE_LOOP_ANALYSIS = YES;
				CLANG_WARN_STRICT_PROTOTYPES = YES;
				CLANG_WARN_SUSPICIOUS_MOVE = YES;
				CLANG_WARN_UNGUARDED_AVAILABILITY = YES_AGGRESSIVE;
				CLANG_WARN_UNREACHABLE_CODE = YES;
				CLANG_WARN__DUPLICATE_METHOD_MATCH = YES;
				COPY_PHASE_STRIP = NO;
				DEBUG_INFORMATION_FORMAT = dwarf;
				ENABLE_STRICT_OBJC_MSGSEND = YES;
				ENABLE_TESTABILITY = YES;
				GCC_C_LANGUAGE_STANDARD = gnu11;
				GCC_DYNAMIC_NO_PIC = NO;
				GCC_NO_COMMON_BLOCKS = YES;
				GCC_OPTIMIZATION_LEVEL = 0;
				GCC_PREPROCESSOR_DEFINITIONS = (
					"DEBUG=1",
					"$(inherited)",
				);
				GCC_WARN_64_TO_32_BIT_CONVERSION = YES;
				GCC_WARN_ABOUT_RETURN_TYPE = YES_ERROR;
				GCC_WARN_UNDECLARED_SELECTOR = YES;
				GCC_WARN_UNINITIALIZED_AUTOS = YES_AGGRESSIVE;
				GCC_WARN_UNUSED_FUNCTION = YES;
				GCC_WARN_UNUSED_VARIABLE = YES;
				IPHONEOS_DEPLOYMENT_TARGET = 14.5;
				MTL_ENABLE_DEBUG_INFO = INCLUDE_SOURCE;
				MTL_FAST_MATH = YES;
				ONLY_ACTIVE_ARCH = YES;
				SDKROOT = iphoneos;
				SWIFT_ACTIVE_COMPILATION_CONDITIONS = DEBUG;
				SWIFT_OPTIMIZATION_LEVEL = "-Onone";
			};
			name = Debug;
		};
		7BA7992C26DA94D8002E489E /* Release */ = {
			isa = XCBuildConfiguration;
			buildSettings = {
				ALWAYS_SEARCH_USER_PATHS = NO;
				CLANG_ANALYZER_NONNULL = YES;
				CLANG_ANALYZER_NUMBER_OBJECT_CONVERSION = YES_AGGRESSIVE;
				CLANG_CXX_LANGUAGE_STANDARD = "gnu++14";
				CLANG_CXX_LIBRARY = "libc++";
				CLANG_ENABLE_MODULES = YES;
				CLANG_ENABLE_OBJC_ARC = YES;
				CLANG_ENABLE_OBJC_WEAK = YES;
				CLANG_WARN_BLOCK_CAPTURE_AUTORELEASING = YES;
				CLANG_WARN_BOOL_CONVERSION = YES;
				CLANG_WARN_COMMA = YES;
				CLANG_WARN_CONSTANT_CONVERSION = YES;
				CLANG_WARN_DEPRECATED_OBJC_IMPLEMENTATIONS = YES;
				CLANG_WARN_DIRECT_OBJC_ISA_USAGE = YES_ERROR;
				CLANG_WARN_DOCUMENTATION_COMMENTS = YES;
				CLANG_WARN_EMPTY_BODY = YES;
				CLANG_WARN_ENUM_CONVERSION = YES;
				CLANG_WARN_INFINITE_RECURSION = YES;
				CLANG_WARN_INT_CONVERSION = YES;
				CLANG_WARN_NON_LITERAL_NULL_CONVERSION = YES;
				CLANG_WARN_OBJC_IMPLICIT_RETAIN_SELF = YES;
				CLANG_WARN_OBJC_LITERAL_CONVERSION = YES;
				CLANG_WARN_OBJC_ROOT_CLASS = YES_ERROR;
				CLANG_WARN_QUOTED_INCLUDE_IN_FRAMEWORK_HEADER = YES;
				CLANG_WARN_RANGE_LOOP_ANALYSIS = YES;
				CLANG_WARN_STRICT_PROTOTYPES = YES;
				CLANG_WARN_SUSPICIOUS_MOVE = YES;
				CLANG_WARN_UNGUARDED_AVAILABILITY = YES_AGGRESSIVE;
				CLANG_WARN_UNREACHABLE_CODE = YES;
				CLANG_WARN__DUPLICATE_METHOD_MATCH = YES;
				COPY_PHASE_STRIP = NO;
				DEBUG_INFORMATION_FORMAT = "dwarf-with-dsym";
				ENABLE_NS_ASSERTIONS = NO;
				ENABLE_STRICT_OBJC_MSGSEND = YES;
				GCC_C_LANGUAGE_STANDARD = gnu11;
				GCC_NO_COMMON_BLOCKS = YES;
				GCC_WARN_64_TO_32_BIT_CONVERSION = YES;
				GCC_WARN_ABOUT_RETURN_TYPE = YES_ERROR;
				GCC_WARN_UNDECLARED_SELECTOR = YES;
				GCC_WARN_UNINITIALIZED_AUTOS = YES_AGGRESSIVE;
				GCC_WARN_UNUSED_FUNCTION = YES;
				GCC_WARN_UNUSED_VARIABLE = YES;
				IPHONEOS_DEPLOYMENT_TARGET = 14.5;
				MTL_ENABLE_DEBUG_INFO = NO;
				MTL_FAST_MATH = YES;
				SDKROOT = iphoneos;
				SWIFT_COMPILATION_MODE = wholemodule;
				SWIFT_OPTIMIZATION_LEVEL = "-O";
				VALIDATE_PRODUCT = YES;
			};
			name = Release;
		};
		7BA7992E26DA94D8002E489E /* Debug */ = {
			isa = XCBuildConfiguration;
			buildSettings = {
				ASSETCATALOG_COMPILER_APPICON_NAME = AppIcon;
				ASSETCATALOG_COMPILER_GLOBAL_ACCENT_COLOR_NAME = AccentColor;
				CODE_SIGN_STYLE = Automatic;
				DEVELOPMENT_ASSET_PATHS = "\"CCS Connect/Preview Content\"";
				ENABLE_PREVIEWS = YES;
				INFOPLIST_FILE = "CCS Connect/Info.plist";
				IPHONEOS_DEPLOYMENT_TARGET = 14.0;
				LD_RUNPATH_SEARCH_PATHS = (
					"$(inherited)",
					"@executable_path/Frameworks",
				);
				PRODUCT_BUNDLE_IDENTIFIER = "com.racovan.CCS-Connect";
				PRODUCT_NAME = "$(TARGET_NAME)";
				SWIFT_VERSION = 5.0;
				TARGETED_DEVICE_FAMILY = "1,2";
			};
			name = Debug;
		};
		7BA7992F26DA94D8002E489E /* Release */ = {
			isa = XCBuildConfiguration;
			buildSettings = {
				ASSETCATALOG_COMPILER_APPICON_NAME = AppIcon;
				ASSETCATALOG_COMPILER_GLOBAL_ACCENT_COLOR_NAME = AccentColor;
				CODE_SIGN_STYLE = Automatic;
				DEVELOPMENT_ASSET_PATHS = "\"CCS Connect/Preview Content\"";
				ENABLE_PREVIEWS = YES;
				INFOPLIST_FILE = "CCS Connect/Info.plist";
				IPHONEOS_DEPLOYMENT_TARGET = 14.0;
				LD_RUNPATH_SEARCH_PATHS = (
					"$(inherited)",
					"@executable_path/Frameworks",
				);
				PRODUCT_BUNDLE_IDENTIFIER = "com.racovan.CCS-Connect";
				PRODUCT_NAME = "$(TARGET_NAME)";
				SWIFT_VERSION = 5.0;
				TARGETED_DEVICE_FAMILY = "1,2";
			};
			name = Release;
		};
		7BA7993126DA94D8002E489E /* Debug */ = {
			isa = XCBuildConfiguration;
			buildSettings = {
				ALWAYS_EMBED_SWIFT_STANDARD_LIBRARIES = YES;
				BUNDLE_LOADER = "$(TEST_HOST)";
				CODE_SIGN_STYLE = Automatic;
				INFOPLIST_FILE = "CCS ConnectTests/Info.plist";
				IPHONEOS_DEPLOYMENT_TARGET = 14.0;
				LD_RUNPATH_SEARCH_PATHS = (
					"$(inherited)",
					"@executable_path/Frameworks",
					"@loader_path/Frameworks",
				);
				PRODUCT_BUNDLE_IDENTIFIER = "com.racovan.CCS-ConnectTests";
				PRODUCT_NAME = "$(TARGET_NAME)";
				SWIFT_VERSION = 5.0;
				TARGETED_DEVICE_FAMILY = "1,2";
				TEST_HOST = "$(BUILT_PRODUCTS_DIR)/CCS Connect.app/CCS Connect";
			};
			name = Debug;
		};
		7BA7993226DA94D8002E489E /* Release */ = {
			isa = XCBuildConfiguration;
			buildSettings = {
				ALWAYS_EMBED_SWIFT_STANDARD_LIBRARIES = YES;
				BUNDLE_LOADER = "$(TEST_HOST)";
				CODE_SIGN_STYLE = Automatic;
				INFOPLIST_FILE = "CCS ConnectTests/Info.plist";
				IPHONEOS_DEPLOYMENT_TARGET = 14.0;
				LD_RUNPATH_SEARCH_PATHS = (
					"$(inherited)",
					"@executable_path/Frameworks",
					"@loader_path/Frameworks",
				);
				PRODUCT_BUNDLE_IDENTIFIER = "com.racovan.CCS-ConnectTests";
				PRODUCT_NAME = "$(TARGET_NAME)";
				SWIFT_VERSION = 5.0;
				TARGETED_DEVICE_FAMILY = "1,2";
				TEST_HOST = "$(BUILT_PRODUCTS_DIR)/CCS Connect.app/CCS Connect";
			};
			name = Release;
		};
		7BA7993426DA94D8002E489E /* Debug */ = {
			isa = XCBuildConfiguration;
			buildSettings = {
				ALWAYS_EMBED_SWIFT_STANDARD_LIBRARIES = YES;
				CODE_SIGN_STYLE = Automatic;
				INFOPLIST_FILE = "CCS ConnectUITests/Info.plist";
				LD_RUNPATH_SEARCH_PATHS = (
					"$(inherited)",
					"@executable_path/Frameworks",
					"@loader_path/Frameworks",
				);
				PRODUCT_BUNDLE_IDENTIFIER = "com.racovan.CCS-ConnectUITests";
				PRODUCT_NAME = "$(TARGET_NAME)";
				SWIFT_VERSION = 5.0;
				TARGETED_DEVICE_FAMILY = "1,2";
				TEST_TARGET_NAME = "CCS Connect";
			};
			name = Debug;
		};
		7BA7993526DA94D8002E489E /* Release */ = {
			isa = XCBuildConfiguration;
			buildSettings = {
				ALWAYS_EMBED_SWIFT_STANDARD_LIBRARIES = YES;
				CODE_SIGN_STYLE = Automatic;
				INFOPLIST_FILE = "CCS ConnectUITests/Info.plist";
				LD_RUNPATH_SEARCH_PATHS = (
					"$(inherited)",
					"@executable_path/Frameworks",
					"@loader_path/Frameworks",
				);
				PRODUCT_BUNDLE_IDENTIFIER = "com.racovan.CCS-ConnectUITests";
				PRODUCT_NAME = "$(TARGET_NAME)";
				SWIFT_VERSION = 5.0;
				TARGETED_DEVICE_FAMILY = "1,2";
				TEST_TARGET_NAME = "CCS Connect";
			};
			name = Release;
		};
/* End XCBuildConfiguration section */

/* Begin XCConfigurationList section */
		7BA7990326DA94D7002E489E /* Build configuration list for PBXProject "CCS Connect" */ = {
			isa = XCConfigurationList;
			buildConfigurations = (
				7BA7992B26DA94D8002E489E /* Debug */,
				7BA7992C26DA94D8002E489E /* Release */,
			);
			defaultConfigurationIsVisible = 0;
			defaultConfigurationName = Release;
		};
		7BA7992D26DA94D8002E489E /* Build configuration list for PBXNativeTarget "CCS Connect" */ = {
			isa = XCConfigurationList;
			buildConfigurations = (
				7BA7992E26DA94D8002E489E /* Debug */,
				7BA7992F26DA94D8002E489E /* Release */,
			);
			defaultConfigurationIsVisible = 0;
			defaultConfigurationName = Release;
		};
		7BA7993026DA94D8002E489E /* Build configuration list for PBXNativeTarget "CCS ConnectTests" */ = {
			isa = XCConfigurationList;
			buildConfigurations = (
				7BA7993126DA94D8002E489E /* Debug */,
				7BA7993226DA94D8002E489E /* Release */,
			);
			defaultConfigurationIsVisible = 0;
			defaultConfigurationName = Release;
		};
		7BA7993326DA94D8002E489E /* Build configuration list for PBXNativeTarget "CCS ConnectUITests" */ = {
			isa = XCConfigurationList;
			buildConfigurations = (
				7BA7993426DA94D8002E489E /* Debug */,
				7BA7993526DA94D8002E489E /* Release */,
			);
			defaultConfigurationIsVisible = 0;
			defaultConfigurationName = Release;
		};
/* End XCConfigurationList section */
	};
	rootObject = 7BA7990026DA94D7002E489E /* Project object */;
}
